{
    "_readme": [
        "This file locks the dependencies of your project to a known state",
        "Read more about it at https://getcomposer.org/doc/01-basic-usage.md#installing-dependencies",
        "This file is @generated automatically"
    ],
    "content-hash": "8021026218dce5f7b81cf4e2b9652cbe",
    "packages": [
        {
            "name": "stojg/recommend",
            "version": "1.0.0",
            "source": {
                "type": "git",
                "url": "https://github.com/stojg/recommend.git",
                "reference": "897f11874255e3222d99a9f725925dc37b7aa903"
            },
            "dist": {
                "type": "zip",
                "url": "https://api.github.com/repos/stojg/recommend/zipball/897f11874255e3222d99a9f725925dc37b7aa903",
                "reference": "897f11874255e3222d99a9f725925dc37b7aa903",
                "shasum": ""
            },
            "require": {
                "php": ">=5.3.3"
            },
            "require-dev": {
                "phpunit/phpunit": "*"
            },
            "type": "library",
            "autoload": {
                "psr-0": {
                    "stojg\\recommend\\": "src/"
                }
            },
            "notification-url": "https://packagist.org/downloads/",
            "license": [
                "MIT"
            ],
            "authors": [
                {
                    "name": "Stig Lindqvist",
                    "email": "stojg.lindqvist@gmail.com",
                    "homepage": "http://www.stojg.se/"
                }
            ],
            "description": "Library for mining",
            "homepage": "https://github.com/stojg/recommend/",
            "support": {
                "issues": "https://github.com/stojg/recommend/issues",
                "source": "https://github.com/stojg/recommend/tree/article-recommendation"
            },
            "time": "2014-03-24T09:19:02+00:00"
        }
    ],
    "packages-dev": [],
    "aliases": [],
    "minimum-stability": "stable",
    "stability-flags": [],
    "prefer-stable": false,
    "prefer-lowest": false,
    "platform": [],
    "platform-dev": [],
    "plugin-api-version": "2.0.0"
}
